{
  "name": "RocMap",
  "lockfileVersion": 3,
  "requires": true,
  "packages": {
    "": {
      "dependencies": {
        "@syncfusion/ej2-react-dropdowns": "^23.1.43"
      }
    },
    "node_modules/@syncfusion/ej2-base": {
      "version": "23.1.41",
      "resolved": "https://registry.npmjs.org/@syncfusion/ej2-base/-/ej2-base-23.1.41.tgz",
      "integrity": "sha512-ROtvuLIVkKl4eL+ubQjQQLleRMY98nYlxlBaFw4axtiDLoBbzOYtiFXmdP/KE+uNrMquZAwl+aduPX0loG3EAw==",
      "dependencies": {
        "@syncfusion/ej2-icons": "~23.1.36"
      },
      "bin": {
        "syncfusion-license": "bin/syncfusion-license.js"
      }
    },
    "node_modules/@syncfusion/ej2-buttons": {
      "version": "23.1.43",
      "resolved": "https://registry.npmjs.org/@syncfusion/ej2-buttons/-/ej2-buttons-23.1.43.tgz",
      "integrity": "sha512-Jg1cC/2o6ds+xDwQSlAF7cEYP4O4C9wojKFllcVvZTwTKWVxZ2KfYeAFM1kV1GR/WuJd+TmvNhwkvmkWz8UgQw==",
      "dependencies": {
        "@syncfusion/ej2-base": "~23.1.41"
      }
    },
    "node_modules/@syncfusion/ej2-data": {
      "version": "23.1.43",
      "resolved": "https://registry.npmjs.org/@syncfusion/ej2-data/-/ej2-data-23.1.43.tgz",
      "integrity": "sha512-kiuyuKsVogLvIP72Bd2IwETk9mOpZrbtfbOx5/y7Q1A05FQkaxlJqKFoOjkzbfMtKV5iDjAxz/Q3VHqq+hZoYA==",
      "dependencies": {
        "@syncfusion/ej2-base": "~23.1.41"
      }
    },
    "node_modules/@syncfusion/ej2-dropdowns": {
      "version": "23.1.43",
      "resolved": "https://registry.npmjs.org/@syncfusion/ej2-dropdowns/-/ej2-dropdowns-23.1.43.tgz",
      "integrity": "sha512-75tWTEoEJU/fJ8V3CvwOeQ7svZoyftlVp7DO3oSl6nR4LuyG0Uf7BP+bSMvKVXuEyulyZmHo1/xeqjYoVp4M7g==",
      "dependencies": {
        "@syncfusion/ej2-base": "~23.1.41",
        "@syncfusion/ej2-data": "~23.1.43",
        "@syncfusion/ej2-inputs": "~23.1.43",
        "@syncfusion/ej2-lists": "~23.1.43",
        "@syncfusion/ej2-navigations": "~23.1.43",
        "@syncfusion/ej2-notifications": "~23.1.40",
        "@syncfusion/ej2-popups": "~23.1.43"
      }
    },
    "node_modules/@syncfusion/ej2-icons": {
      "version": "23.1.36",
      "resolved": "https://registry.npmjs.org/@syncfusion/ej2-icons/-/ej2-icons-23.1.36.tgz",
      "integrity": "sha512-Q7S50bOzXL9X46doNIGSGr61RCY/1RW9iz1U7yyARr2XBQhWnijk+t/FVBk1piR0nioRXbKQcPZOLiEo6zf1xw=="
    },
    "node_modules/@syncfusion/ej2-inputs": {
      "version": "23.1.43",
      "resolved": "https://registry.npmjs.org/@syncfusion/ej2-inputs/-/ej2-inputs-23.1.43.tgz",
      "integrity": "sha512-G4HhneF2HXe6Tcig5pDlTaEgR46vQJgshcEym6WEVm0G39xiUSR5NIvyvS54IldGRyWwoyWEucbpM1kWGJC+7g==",
      "dependencies": {
        "@syncfusion/ej2-base": "~23.1.41",
        "@syncfusion/ej2-buttons": "~23.1.43",
        "@syncfusion/ej2-popups": "~23.1.43",
        "@syncfusion/ej2-splitbuttons": "~23.1.43"
      }
    },
    "node_modules/@syncfusion/ej2-lists": {
      "version": "23.1.43",
      "resolved": "https://registry.npmjs.org/@syncfusion/ej2-lists/-/ej2-lists-23.1.43.tgz",
      "integrity": "sha512-AoEpXn7F8AmXq74PmGCqQjURHnriyhimVreenDWrB1HlMUPcAw7Lkep4gYQdJXYyfWlT+GE+lr6lfS7hgAFT+A==",
      "dependencies": {
        "@syncfusion/ej2-base": "~23.1.41",
        "@syncfusion/ej2-buttons": "~23.1.43",
        "@syncfusion/ej2-data": "~23.1.43"
      }
    },
    "node_modules/@syncfusion/ej2-navigations": {
      "version": "23.1.43",
      "resolved": "https://registry.npmjs.org/@syncfusion/ej2-navigations/-/ej2-navigations-23.1.43.tgz",
      "integrity": "sha512-3eiMnciQx8X5FSQd4CONd5yZfTvphcgH3U+tQNFecntCh/3hfoYoj0yGkayakIR0DP08YE32y3/8yztwK+GwUQ==",
      "dependencies": {
        "@syncfusion/ej2-base": "~23.1.41",
        "@syncfusion/ej2-buttons": "~23.1.43",
        "@syncfusion/ej2-data": "~23.1.43",
        "@syncfusion/ej2-inputs": "~23.1.43",
        "@syncfusion/ej2-lists": "~23.1.43",
        "@syncfusion/ej2-popups": "~23.1.43"
      }
    },
    "node_modules/@syncfusion/ej2-notifications": {
      "version": "23.1.40",
      "resolved": "https://registry.npmjs.org/@syncfusion/ej2-notifications/-/ej2-notifications-23.1.40.tgz",
      "integrity": "sha512-xB0U/THNVQN09AK+5DV6f9e7YbvWi5UqhdObCdpZarAMOFUEZBtAIVQRxc1LrINRmRapGU7NMFQj1F1xU7DVyw==",
      "dependencies": {
        "@syncfusion/ej2-base": "~23.1.38",
        "@syncfusion/ej2-buttons": "~23.1.39",
        "@syncfusion/ej2-popups": "~23.1.38"
      }
    },
    "node_modules/@syncfusion/ej2-popups": {
      "version": "23.1.43",
      "resolved": "https://registry.npmjs.org/@syncfusion/ej2-popups/-/ej2-popups-23.1.43.tgz",
      "integrity": "sha512-I3CT7LmJHJ4r+4kRrVMgOTUrV7xpVHkjk67ApbJFucpN++Qo18b9Qy/QetRera5mS26ZVG78T3TST3g9dvO5Zw==",
      "dependencies": {
        "@syncfusion/ej2-base": "~23.1.41",
        "@syncfusion/ej2-buttons": "~23.1.43"
      }
    },
    "node_modules/@syncfusion/ej2-react-base": {
      "version": "23.1.43",
      "resolved": "https://registry.npmjs.org/@syncfusion/ej2-react-base/-/ej2-react-base-23.1.43.tgz",
      "integrity": "sha512-Kd/sn0mw/hPc897F9tV+FF88Di5EK3j68oUdcyN3LPtus/nqNNfR90FcIr555aR0otQaS78KEGZLhEuA3u6YAA==",
      "dependencies": {
        "@syncfusion/ej2-base": "~23.1.41"
      }
    },
    "node_modules/@syncfusion/ej2-react-dropdowns": {
      "version": "23.1.43",
      "resolved": "https://registry.npmjs.org/@syncfusion/ej2-react-dropdowns/-/ej2-react-dropdowns-23.1.43.tgz",
      "integrity": "sha512-ieGlwZxtfh/Px1hMf/M9qm21ejnUlWK2kMYn6eVdhhIdWs1gjEz8SBecfoGXflaQXdbHlMyx0GMUHgn8ylWHBA==",
      "dependencies": {
        "@syncfusion/ej2-base": "~23.1.41",
        "@syncfusion/ej2-dropdowns": "23.1.43",
        "@syncfusion/ej2-react-base": "~23.1.43"
      }
    },
    "node_modules/@syncfusion/ej2-splitbuttons": {
      "version": "23.1.43",
      "resolved": "https://registry.npmjs.org/@syncfusion/ej2-splitbuttons/-/ej2-splitbuttons-23.1.43.tgz",
      "integrity": "sha512-NbT5XMCU87QPRr4svcEn/zEwIFAmwZiAYYLz2WjiuKVOnFw6htAKT81FF7X4CLl4HN0o1S7w09N9r5HQxv3mgQ==",
      "dependencies": {
        "@syncfusion/ej2-base": "~23.1.41",
        "@syncfusion/ej2-popups": "~23.1.43"
      }
    }
  }
}
